github.com/ProtonMail/go-crypto v1.4.0 h1:Zq/pbM3F5DFgJiMouxEdSVY44MVoQNEKp5d5QxIQceQ=
github.com/ProtonMail/go-crypto v1.4.0/go.mod h1:e1OaTyu5SYVrO9gKOEhTc+5UcXtTUa+P3uLudwcgPqo=
github.com/cloudflare/circl v1.6.3 h1:9GPOhQGF9MCYUeXyMYlqTR6a5gTrgR/fBLXvUgtVcg8=
github.com/cloudflare/circl v1.6.3/go.mod h1:2eXP6Qfat4O/Yhh8BznvKnJ+uzEoTQ6jVKJRn81BiS4=
github.com/davecgh/go-spew v1.1.1 h1:vj9j/u1bqnvCEfJOwUhtlOARqs3+rkHYY13jYWTU97c=
github.com/davecgh/go-spew v1.1.1/go.mod h1:J7Y8YcW2NihsgmVo/mv3lAwl/skON4iLHjSsI+c5H38=
github.com/leaanthony/slicer v1.6.0 h1:1RFP5uiPJvT93TAHi+ipd3NACobkW53yUiBqZheE/Js=
github.com/leaanthony/slicer v1.6.0/go.mod h1:o/Iz29g7LN0GqH3aMjWAe90381nyZlDNquK+mtH2Fj8=
github.com/leaanthony/u v1.1.1 h1:TUFjwDGlNX+WuwVEzDqQwC2lOv0P4uhTQw7CMFdiK7M=
github.com/leaanthony/u v1.1.1/go.mod h1:9+o6hejoRljvZ3BzdYlVL0JYCwtnAsVuN9pVTQcaRfI=
github.com/lrstanley/go-ytdlp v1.3.2 h1:ktOav5X8+ZByuaQPFUF3uiPxofw0L5MoQtck6iIkWhI=
github.com/lrstanley/go-ytdlp v1.3.2/go.mod h1:VgjnTrvkTf+23JuySjyPq1iQ8ijSovBtTPpXH5XrLtI=
github.com/matryer/is v1.4.0/go.mod h1:8I/i5uYgLzgsgEloJE1U6xx5HkBQpAZvepWuujKwMRU=
github.com/matryer/is v1.4.1 h1:55ehd8zaGABKLXQUe2awZ99BD/PTc2ls+KV/dXphgEQ=
github.com/matryer/is v1.4.1/go.mod h1:8I/i5uYgLzgsgEloJE1U6xx5HkBQpAZvepWuujKwMRU=
github.com/pmezard/go-difflib v1.0.0 h1:4DBwDE0NGyQoBHbLQYPwSUPoCMWR5BEzIk/f1lZbAQM=
github.com/pmezard/go-difflib v1.0.0/go.mod h1:iKH77koFhYxTK1pcRnkKkqfTogsbg7gZNVY4sRDYZ/4=
github.com/samber/lo v1.49.1 h1:4BIFyVfuQSEpluc7Fua+j1NolZHiEHEpaSEKdsH0tew=
github.com/samber/lo v1.49.1/go.mod h1:dO6KHFzUKXgP8LDhU0oI8d2hekjXnGOu0DB8Jecxd6o=
github.com/stretchr/testify v1.11.1 h1:7s2iGBzp5EwR7/aIZr8ao5+dra3wiQyKjjFuvgVKu7U=
github.com/stretchr/testify v1.11.1/go.mod h1:wZwfW3scLgRK+23gO65QZefKpKQRnfz6sD981Nm4B6U=
github.com/ulikunitz/xz v0.5.15 h1:9DNdB5s+SgV3bQ2ApL10xRc35ck0DuIX/isZvIk+ubY=
github.com/ulikunitz/xz v0.5.15/go.mod h1:nbz6k7qbPmH4IRqmfOplQw/tblSgqTqBwxkY0oWt/14=
github.com/wailsapp/wails/v2 v2.11.0 h1:seLacV8pqupq32IjS4Y7V8ucab0WZwtK6VvUVxSBtqQ=
github.com/wailsapp/wails/v2 v2.11.0/go.mod h1:jrf0ZaM6+GBc1wRmXsM8cIvzlg0karYin3erahI4+0k=
golang.org/x/crypto v0.48.0 h1:/VRzVqiRSggnhY7gNRxPauEQ5Drw9haKdM0jqfcCFts=
golang.org/x/crypto v0.48.0/go.mod h1:r0kV5h3qnFPlQnBSrULhlsRfryS2pmewsg+XfMgkVos=
golang.org/x/sys v0.41.0 h1:Ivj+2Cp/ylzLiEU89QhWblYnOE9zerudt9Ftecq2C6k=
golang.org/x/sys v0.41.0/go.mod h1:OgkHotnGiDImocRcuBABYBEXf8A9a87e/uXjp9XT3ks=
golang.org/x/text v0.34.0 h1:oL/Qq0Kdaqxa1KbNeMKwQq0reLCCaFtqu2eNuSeNHbk=
golang.org/x/text v0.34.0/go.mod h1:homfLqTYRFyVYemLBFl5GgL/DWEiH5wcsQ5gSh1yziA=
gopkg.in/yaml.v3 v3.0.1 h1:fxVm/GzAzEWqLHuvctI91KS9hhNmmWOoWu0XTYJS7CA=
gopkg.in/yaml.v3 v3.0.1/go.mod h1:K4uyk7z7BCEPqu6E+C64Yfv1cQ7kz7rIZviUmN+EgEM=
